// !$*UTF8*$!
{
	archiveVersion = 1;
	classes = {
	};
	objectVersion = 46;
	objects = {

/* Begin PBXBuildFile section */
		698638341D949DAE00FEA954 /* AppDelegate.swift in Sources */ = {isa = PBXBuildFile; fileRef = 698638331D949DAE00FEA954 /* AppDelegate.swift */; };
		698638361D949DAE00FEA954 /* ViewController.swift in Sources */ = {isa = PBXBuildFile; fileRef = 698638351D949DAE00FEA954 /* ViewController.swift */; };
		698638391D949DAF00FEA954 /* Main.storyboard in Resources */ = {isa = PBXBuildFile; fileRef = 698638371D949DAF00FEA954 /* Main.storyboard */; };
		6986383B1D949DAF00FEA954 /* Assets.xcassets in Resources */ = {isa = PBXBuildFile; fileRef = 6986383A1D949DAF00FEA954 /* Assets.xcassets */; };
		6986383E1D949DAF00FEA954 /* LaunchScreen.storyboard in Resources */ = {isa = PBXBuildFile; fileRef = 6986383C1D949DAF00FEA954 /* LaunchScreen.storyboard */; };
		698638461D94A2F200FEA954 /* WorkshopsViewController.swift in Sources */ = {isa = PBXBuildFile; fileRef = 698638451D94A2F200FEA954 /* WorkshopsViewController.swift */; };
		698638481D94A30000FEA954 /* FeedViewController.swift in Sources */ = {isa = PBXBuildFile; fileRef = 698638471D94A30000FEA954 /* FeedViewController.swift */; };
		6986384A1D94A31200FEA954 /* WorkshopCollectionViewCell.swift in Sources */ = {isa = PBXBuildFile; fileRef = 698638491D94A31200FEA954 /* WorkshopCollectionViewCell.swift */; };
		6986384C1D94A32200FEA954 /* FeedTableViewCell.swift in Sources */ = {isa = PBXBuildFile; fileRef = 6986384B1D94A32200FEA954 /* FeedTableViewCell.swift */; };
/* End PBXBuildFile section */

/* Begin PBXFileReference section */
		698638301D949DAE00FEA954 /* Workshop.app */ = {isa = PBXFileReference; explicitFileType = wrapper.application; includeInIndex = 0; path = Workshop.app; sourceTree = BUILT_PRODUCTS_DIR; };
		698638331D949DAE00FEA954 /* AppDelegate.swift */ = {isa = PBXFileReference; lastKnownFileType = sourcecode.swift; path = AppDelegate.swift; sourceTree = "<group>"; };
		698638351D949DAE00FEA954 /* ViewController.swift */ = {isa = PBXFileReference; lastKnownFileType = sourcecode.swift; path = ViewController.swift; sourceTree = "<group>"; };
		698638381D949DAF00FEA954 /* Base */ = {isa = PBXFileReference; lastKnownFileType = file.storyboard; name = Base; path = Base.lproj/Main.storyboard; sourceTree = "<group>"; };
		6986383A1D949DAF00FEA954 /* Assets.xcassets */ = {isa = PBXFileReference; lastKnownFileType = folder.assetcatalog; path = Assets.xcassets; sourceTree = "<group>"; };
		6986383D1D949DAF00FEA954 /* Base */ = {isa = PBXFileReference; lastKnownFileType = file.storyboard; name = Base; path = Base.lproj/LaunchScreen.storyboard; sourceTree = "<group>"; };
		6986383F1D949DAF00FEA954 /* Info.plist */ = {isa = PBXFileReference; lastKnownFileType = text.plist.xml; path = Info.plist; sourceTree = "<group>"; };
		698638451D94A2F200FEA954 /* WorkshopsViewController.swift */ = {isa = PBXFileReference; fileEncoding = 4; lastKnownFileType = sourcecode.swift; path = WorkshopsViewController.swift; sourceTree = "<group>"; };
		698638471D94A30000FEA954 /* FeedViewController.swift */ = {isa = PBXFileReference; fileEncoding = 4; lastKnownFileType = sourcecode.swift; path = FeedViewController.swift; sourceTree = "<group>"; };
		698638491D94A31200FEA954 /* WorkshopCollectionViewCell.swift */ = {isa = PBXFileReference; fileEncoding = 4; lastKnownFileType = sourcecode.swift; path = WorkshopCollectionViewCell.swift; sourceTree = "<group>"; };
		6986384B1D94A32200FEA954 /* FeedTableViewCell.swift */ = {isa = PBXFileReference; fileEncoding = 4; lastKnownFileType = sourcecode.swift; path = FeedTableViewCell.swift; sourceTree = "<group>"; };
/* End PBXFileReference section */

/* Begin PBXFrameworksBuildPhase section */
		6986382D1D949DAE00FEA954 /* Frameworks */ = {
			isa = PBXFrameworksBuildPhase;
			buildActionMask = 2147483647;
			files = (
			);
			runOnlyForDeploymentPostprocessing = 0;
		};
/* End PBXFrameworksBuildPhase section */

/* Begin PBXGroup section */
		698638271D949DAE00FEA954 = {
			isa = PBXGroup;
			children = (
				698638321D949DAE00FEA954 /* Workshop */,
				698638311D949DAE00FEA954 /* Products */,
			);
			sourceTree = "<group>";
		};
		698638311D949DAE00FEA954 /* Products */ = {
			isa = PBXGroup;
			children = (
				698638301D949DAE00FEA954 /* Workshop.app */,
			);
			name = Products;
			sourceTree = "<group>";
		};
		698638321D949DAE00FEA954 /* Workshop */ = {
			isa = PBXGroup;
			children = (
				698638331D949DAE00FEA954 /* AppDelegate.swift */,
				698638351D949DAE00FEA954 /* ViewController.swift */,
				698638371D949DAF00FEA954 /* Main.storyboard */,
				698638451D94A2F200FEA954 /* WorkshopsViewController.swift */,
				698638471D94A30000FEA954 /* FeedViewController.swift */,
				698638491D94A31200FEA954 /* WorkshopCollectionViewCell.swift */,
				6986384B1D94A32200FEA954 /* FeedTableViewCell.swift */,
				6986383A1D949DAF00FEA954 /* Assets.xcassets */,
				6986383C1D949DAF00FEA954 /* LaunchScreen.storyboard */,
				6986383F1D949DAF00FEA954 /* Info.plist */,
			);
			path = Workshop;
			sourceTree = "<group>";
		};
/* End PBXGroup section */

/* Begin PBXNativeTarget section */
		6986382F1D949DAE00FEA954 /* Workshop */ = {
			isa = PBXNativeTarget;
			buildConfigurationList = 698638421D949DAF00FEA954 /* Build configuration list for PBXNativeTarget "Workshop" */;
			buildPhases = (
				6986382C1D949DAE00FEA954 /* Sources */,
				6986382D1D949DAE00FEA954 /* Frameworks */,
				6986382E1D949DAE00FEA954 /* Resources */,
			);
			buildRules = (
			);
			dependencies = (
			);
			name = Workshop;
			productName = Workshop;
			productReference = 698638301D949DAE00FEA954 /* Workshop.app */;
			productType = "com.apple.product-type.application";
		};
/* End PBXNativeTarget section */

/* Begin PBXProject section */
		698638281D949DAE00FEA954 /* Project object */ = {
			isa = PBXProject;
			attributes = {
				LastSwiftUpdateCheck = 0800;
				LastUpgradeCheck = 0800;
				ORGANIZATIONNAME = "Juan Pablo";
				TargetAttributes = {
					6986382F1D949DAE00FEA954 = {
						CreatedOnToolsVersion = 8.0;
						DevelopmentTeam = V92SZ8966T;
						ProvisioningStyle = Automatic;
					};
				};
			};
			buildConfigurationList = 6986382B1D949DAE00FEA954 /* Build configuration list for PBXProject "Workshop" */;
			compatibilityVersion = "Xcode 3.2";
			developmentRegion = English;
			hasScannedForEncodings = 0;
			knownRegions = (
				en,
				Base,
			);
			mainGroup = 698638271D949DAE00FEA954;
			productRefGroup = 698638311D949DAE00FEA954 /* Products */;
			projectDirPath = "";
			projectRoot = "";
			targets = (
				6986382F1D949DAE00FEA954 /* Workshop */,
			);
		};
/* End PBXProject section */

/* Begin PBXResourcesBuildPhase section */
		6986382E1D949DAE00FEA954 /* Resources */ = {
			isa = PBXResourcesBuildPhase;
			buildActionMask = 2147483647;
			files = (
				6986383E1D949DAF00FEA954 /* LaunchScreen.storyboard in Resources */,
				6986383B1D949DAF00FEA954 /* Assets.xcassets in Resources */,
				698638391D949DAF00FEA954 /* Main.storyboard in Resources */,
			);
			runOnlyForDeploymentPostprocessing = 0;
		};
/* End PBXResourcesBuildPhase section */

/* Begin PBXSourcesBuildPhase section */
		6986382C1D949DAE00FEA954 /* Sources */ = {
			isa = PBXSourcesBuildPhase;
			buildActionMask = 2147483647;
			files = (
				6986384A1D94A31200FEA954 /* WorkshopCollectionViewCell.swift in Sources */,
				6986384C1D94A32200FEA954 /* FeedTableViewCell.swift in Sources */,
				698638461D94A2F200FEA954 /* WorkshopsViewController.swift in Sources */,
				698638361D949DAE00FEA954 /* ViewController.swift in Sources */,
				698638481D94A30000FEA954 /* FeedViewController.swift in Sources */,
				698638341D949DAE00FEA954 /* AppDelegate.swift in Sources */,
			);
			runOnlyForDeploymentPostprocessing = 0;
		};
/* End PBXSourcesBuildPhase section */

/* Begin PBXVariantGroup section */
		698638371D949DAF00FEA954 /* Main.storyboard */ = {
			isa = PBXVariantGroup;
			children = (
				698638381D949DAF00FEA954 /* Base */,
			);
			name = Main.storyboard;
			sourceTree = "<group>";
		};
		6986383C1D949DAF00FEA954 /* LaunchScreen.storyboard */ = {
			isa = PBXVariantGroup;
			children = (
				6986383D1D949DAF00FEA954 /* Base */,
			);
			name = LaunchScreen.storyboard;
			sourceTree = "<group>";
		};
/* End PBXVariantGroup section */

/* Begin XCBuildConfiguration section */
		698638401D949DAF00FEA954 /* Debug */ = {
			isa = XCBuildConfiguration;
			buildSettings = {
				ALWAYS_SEARCH_USER_PATHS = NO;
				CLANG_ANALYZER_NONNULL = YES;
				CLANG_CXX_LANGUAGE_STANDARD = "gnu++0x";
				CLANG_CXX_LIBRARY = "libc++";
				CLANG_ENABLE_MODULES = YES;
				CLANG_ENABLE_OBJC_ARC = YES;
				CLANG_WARN_BOOL_CONVERSION = YES;
				CLANG_WARN_CONSTANT_CONVERSION = YES;
				CLANG_WARN_DIRECT_OBJC_ISA_USAGE = YES_ERROR;
				CLANG_WARN_DOCUMENTATION_COMMENTS = YES;
				CLANG_WARN_EMPTY_BODY = YES;
				CLANG_WARN_ENUM_CONVERSION = YES;
				CLANG_WARN_INFINITE_RECURSION = YES;
				CLANG_WARN_INT_CONVERSION = YES;
				CLANG_WARN_OBJC_ROOT_CLASS = YES_ERROR;
				CLANG_WARN_SUSPICIOUS_MOVES = YES;
				CLANG_WARN_UNREACHABLE_CODE = YES;
				CLANG_WARN__DUPLICATE_METHOD_MATCH = YES;
				"CODE_SIGN_IDENTITY[sdk=iphoneos*]" = "iPhone Developer";
				COPY_PHASE_STRIP = NO;
				DEBUG_INFORMATION_FORMAT = dwarf;
				ENABLE_STRICT_OBJC_MSGSEND = YES;
				ENABLE_TESTABILITY = YES;
				GCC_C_LANGUAGE_STANDARD = gnu99;
				GCC_DYNAMIC_NO_PIC = NO;
				GCC_NO_COMMON_BLOCKS = YES;
				GCC_OPTIMIZATION_LEVEL = 0;
				GCC_PREPROCESSOR_DEFINITIONS = (
					"DEBUG=1",
					"$(inherited)",
				);
				GCC_WARN_64_TO_32_BIT_CONVERSION = YES;
				GCC_WARN_ABOUT_RETURN_TYPE = YES_ERROR;
				GCC_WARN_UNDECLARED_SELECTOR = YES;
				GCC_WARN_UNINITIALIZED_AUTOS = YES_AGGRESSIVE;
				GCC_WARN_UNUSED_FUNCTION = YES;
				GCC_WARN_UNUSED_VARIABLE = YES;
				IPHONEOS_DEPLOYMENT_TARGET = 10.0;
				MTL_ENABLE_DEBUG_INFO = YES;
				ONLY_ACTIVE_ARCH = YES;
				SDKROOT = iphoneos;
				SWIFT_ACTIVE_COMPILATION_CONDITIONS = DEBUG;
				SWIFT_OPTIMIZATION_LEVEL = "-Onone";
			};
			name = Debug;
		};
		698638411D949DAF00FEA954 /* Release */ = {
			isa = XCBuildConfiguration;
			buildSettings = {
				ALWAYS_SEARCH_USER_PATHS = NO;
				CLANG_ANALYZER_NONNULL = YES;
				CLANG_CXX_LANGUAGE_STANDARD = "gnu++0x";
				CLANG_CXX_LIBRARY = "libc++";
				CLANG_ENABLE_MODULES = YES;
				CLANG_ENABLE_OBJC_ARC = YES;
				CLANG_WARN_BOOL_CONVERSION = YES;
				CLANG_WARN_CONSTANT_CONVERSION = YES;
				CLANG_WARN_DIRECT_OBJC_ISA_USAGE = YES_ERROR;
				CLANG_WARN_DOCUMENTATION_COMMENTS = YES;
				CLANG_WARN_EMPTY_BODY = YES;
				CLANG_WARN_ENUM_CONVERSION = YES;
				CLANG_WARN_INFINITE_RECURSION = YES;
				CLANG_WARN_INT_CONVERSION = YES;
				CLANG_WARN_OBJC_ROOT_CLASS = YES_ERROR;
				CLANG_WARN_SUSPICIOUS_MOVES = YES;
				CLANG_WARN_UNREACHABLE_CODE = YES;
				CLANG_WARN__DUPLICATE_METHOD_MATCH = YES;
				"CODE_SIGN_IDENTITY[sdk=iphoneos*]" = "iPhone Developer";
				COPY_PHASE_STRIP = NO;
				DEBUG_INFORMATION_FORMAT = "dwarf-with-dsym";
				ENABLE_NS_ASSERTIONS = NO;
				ENABLE_STRICT_OBJC_MSGSEND = YES;
				GCC_C_LANGUAGE_STANDARD = gnu99;
				GCC_NO_COMMON_BLOCKS = YES;
				GCC_WARN_64_TO_32_BIT_CONVERSION = YES;
				GCC_WARN_ABOUT_RETURN_TYPE = YES_ERROR;
				GCC_WARN_UNDECLARED_SELECTOR = YES;
				GCC_WARN_UNINITIALIZED_AUTOS = YES_AGGRESSIVE;
				GCC_WARN_UNUSED_FUNCTION = YES;
				GCC_WARN_UNUSED_VARIABLE = YES;
				IPHONEOS_DEPLOYMENT_TARGET = 10.0;
				MTL_ENABLE_DEBUG_INFO = NO;
				SDKROOT = iphoneos;
				SWIFT_OPTIMIZATION_LEVEL = "-Owholemodule";
				VALIDATE_PRODUCT = YES;
			};
			name = Release;
		};
		698638431D949DAF00FEA954 /* Debug */ = {
			isa = XCBuildConfiguration;
			buildSettings = {
				ASSETCATALOG_COMPILER_APPICON_NAME = AppIcon;
				DEVELOPMENT_TEAM = V92SZ8966T;
				INFOPLIST_FILE = Workshop/Info.plist;
				LD_RUNPATH_SEARCH_PATHS = "$(inherited) @executable_path/Frameworks";
				PRODUCT_BUNDLE_IDENTIFIER = com.jayfernandez.Workshop;
				PRODUCT_NAME = "$(TARGET_NAME)";
				SWIFT_VERSION = 3.0;
			};
			name = Debug;
		};
		698638441D949DAF00FEA954 /* Release */ = {
			isa = XCBuildConfiguration;
			buildSettings = {
				ASSETCATALOG_COMPILER_APPICON_NAME = AppIcon;
				DEVELOPMENT_TEAM = V92SZ8966T;
				INFOPLIST_FILE = Workshop/Info.plist;
				LD_RUNPATH_SEARCH_PATHS = "$(inherited) @executable_path/Frameworks";
				PRODUCT_BUNDLE_IDENTIFIER = com.jayfernandez.Workshop;
				PRODUCT_NAME = "$(TARGET_NAME)";
				SWIFT_VERSION = 3.0;
			};
			name = Release;
		};
/* End XCBuildConfiguration section */

/* Begin XCConfigurationList section */
		6986382B1D949DAE00FEA954 /* Build configuration list for PBXProject "Workshop" */ = {
			isa = XCConfigurationList;
			buildConfigurations = (
				698638401D949DAF00FEA954 /* Debug */,
				698638411D949DAF00FEA954 /* Release */,
			);
			defaultConfigurationIsVisible = 0;
			defaultConfigurationName = Release;
		};
		698638421D949DAF00FEA954 /* Build configuration list for PBXNativeTarget "Workshop" */ = {
			isa = XCConfigurationList;
			buildConfigurations = (
				698638431D949DAF00FEA954 /* Debug */,
				698638441D949DAF00FEA954 /* Release */,
			);
			defaultConfigurationIsVisible = 0;
		};
/* End XCConfigurationList section */
	};
	rootObject = 698638281D949DAE00FEA954 /* Project object */;
}
